// !$*UTF8*$!
{
	archiveVersion = 1;
	classes = {
	};
	objectVersion = 46;
	objects = {

/* Begin PBXBuildFile section */
		E7966B2315B04DF71D6F1FC1 /* Pods_Flicks.framework in Frameworks */ = {isa = PBXBuildFile; fileRef = 6CA070A4D4ACA6B3F05CF161 /* Pods_Flicks.framework */; };
		FAF8EACD1E32D27C00E1E1B7 /* AppDelegate.swift in Sources */ = {isa = PBXBuildFile; fileRef = FAF8EACC1E32D27C00E1E1B7 /* AppDelegate.swift */; };
		FAF8EAD21E32D27C00E1E1B7 /* Main.storyboard in Resources */ = {isa = PBXBuildFile; fileRef = FAF8EAD01E32D27C00E1E1B7 /* Main.storyboard */; };
		FAF8EAD41E32D27C00E1E1B7 /* Assets.xcassets in Resources */ = {isa = PBXBuildFile; fileRef = FAF8EAD31E32D27C00E1E1B7 /* Assets.xcassets */; };
		FAF8EAD71E32D27C00E1E1B7 /* LaunchScreen.storyboard in Resources */ = {isa = PBXBuildFile; fileRef = FAF8EAD51E32D27C00E1E1B7 /* LaunchScreen.storyboard */; };
		FAF8EADF1E32D3D300E1E1B7 /* MoviesViewController.swift in Sources */ = {isa = PBXBuildFile; fileRef = FAF8EADE1E32D3D300E1E1B7 /* MoviesViewController.swift */; };
		FAF8EAE21E32DD9400E1E1B7 /* MovieCell.swift in Sources */ = {isa = PBXBuildFile; fileRef = FAF8EAE11E32DD9400E1E1B7 /* MovieCell.swift */; };
		FAF8EB081E337A5D00E1E1B7 /* DetailViewController.swift in Sources */ = {isa = PBXBuildFile; fileRef = FAF8EB071E337A5D00E1E1B7 /* DetailViewController.swift */; };
/* End PBXBuildFile section */

/* Begin PBXFileReference section */
		5AC4DDFBBA460FFDBFF0CA82 /* Pods-Flicks.debug.xcconfig */ = {isa = PBXFileReference; includeInIndex = 1; lastKnownFileType = text.xcconfig; name = "Pods-Flicks.debug.xcconfig"; path = "Pods/Target Support Files/Pods-Flicks/Pods-Flicks.debug.xcconfig"; sourceTree = "<group>"; };
		6CA070A4D4ACA6B3F05CF161 /* Pods_Flicks.framework */ = {isa = PBXFileReference; explicitFileType = wrapper.framework; includeInIndex = 0; path = Pods_Flicks.framework; sourceTree = BUILT_PRODUCTS_DIR; };
		EAFEE80545F7A25129488754 /* Pods-Flicks.release.xcconfig */ = {isa = PBXFileReference; includeInIndex = 1; lastKnownFileType = text.xcconfig; name = "Pods-Flicks.release.xcconfig"; path = "Pods/Target Support Files/Pods-Flicks/Pods-Flicks.release.xcconfig"; sourceTree = "<group>"; };
		FAF8EAC91E32D27C00E1E1B7 /* Flicks.app */ = {isa = PBXFileReference; explicitFileType = wrapper.application; includeInIndex = 0; path = Flicks.app; sourceTree = BUILT_PRODUCTS_DIR; };
		FAF8EACC1E32D27C00E1E1B7 /* AppDelegate.swift */ = {isa = PBXFileReference; lastKnownFileType = sourcecode.swift; path = AppDelegate.swift; sourceTree = "<group>"; };
		FAF8EAD11E32D27C00E1E1B7 /* Base */ = {isa = PBXFileReference; lastKnownFileType = file.storyboard; name = Base; path = Base.lproj/Main.storyboard; sourceTree = "<group>"; };
		FAF8EAD31E32D27C00E1E1B7 /* Assets.xcassets */ = {isa = PBXFileReference; lastKnownFileType = folder.assetcatalog; path = Assets.xcassets; sourceTree = "<group>"; };
		FAF8EAD61E32D27C00E1E1B7 /* Base */ = {isa = PBXFileReference; lastKnownFileType = file.storyboard; name = Base; path = Base.lproj/LaunchScreen.storyboard; sourceTree = "<group>"; };
		FAF8EAD81E32D27C00E1E1B7 /* Info.plist */ = {isa = PBXFileReference; lastKnownFileType = text.plist.xml; path = Info.plist; sourceTree = "<group>"; };
		FAF8EADE1E32D3D300E1E1B7 /* MoviesViewController.swift */ = {isa = PBXFileReference; fileEncoding = 4; lastKnownFileType = sourcecode.swift; path = MoviesViewController.swift; sourceTree = "<group>"; };
		FAF8EAE11E32DD9400E1E1B7 /* MovieCell.swift */ = {isa = PBXFileReference; fileEncoding = 4; lastKnownFileType = sourcecode.swift; path = MovieCell.swift; sourceTree = "<group>"; };
		FAF8EB071E337A5D00E1E1B7 /* DetailViewController.swift */ = {isa = PBXFileReference; fileEncoding = 4; lastKnownFileType = sourcecode.swift; path = DetailViewController.swift; sourceTree = "<group>"; };
/* End PBXFileReference section */

/* Begin PBXFrameworksBuildPhase section */
		FAF8EAC61E32D27C00E1E1B7 /* Frameworks */ = {
			isa = PBXFrameworksBuildPhase;
			buildActionMask = 2147483647;
			files = (
				E7966B2315B04DF71D6F1FC1 /* Pods_Flicks.framework in Frameworks */,
			);
			runOnlyForDeploymentPostprocessing = 0;
		};
/* End PBXFrameworksBuildPhase section */

/* Begin PBXGroup section */
		A1CBED3736BD4D8D0189DB24 /* Pods */ = {
			isa = PBXGroup;
			children = (
				5AC4DDFBBA460FFDBFF0CA82 /* Pods-Flicks.debug.xcconfig */,
				EAFEE80545F7A25129488754 /* Pods-Flicks.release.xcconfig */,
			);
			name = Pods;
			sourceTree = "<group>";
		};
		FAF8EAC01E32D27C00E1E1B7 = {
			isa = PBXGroup;
			children = (
				FAF8EACB1E32D27C00E1E1B7 /* Flicks */,
				FAF8EACA1E32D27C00E1E1B7 /* Products */,
				A1CBED3736BD4D8D0189DB24 /* Pods */,
				FC33995607482322C594359B /* Frameworks */,
			);
			sourceTree = "<group>";
		};
		FAF8EACA1E32D27C00E1E1B7 /* Products */ = {
			isa = PBXGroup;
			children = (
				FAF8EAC91E32D27C00E1E1B7 /* Flicks.app */,
			);
			name = Products;
			sourceTree = "<group>";
		};
		FAF8EACB1E32D27C00E1E1B7 /* Flicks */ = {
			isa = PBXGroup;
			children = (
				FAF8EAE31E32DDA900E1E1B7 /* View Controllers */,
				FAF8EAE01E32DD5A00E1E1B7 /* Views */,
				FAF8EACC1E32D27C00E1E1B7 /* AppDelegate.swift */,
				FAF8EAD01E32D27C00E1E1B7 /* Main.storyboard */,
				FAF8EAD31E32D27C00E1E1B7 /* Assets.xcassets */,
				FAF8EAD51E32D27C00E1E1B7 /* LaunchScreen.storyboard */,
				FAF8EAD81E32D27C00E1E1B7 /* Info.plist */,
			);
			path = Flicks;
			sourceTree = "<group>";
		};
		FAF8EAE01E32DD5A00E1E1B7 /* Views */ = {
			isa = PBXGroup;
			children = (
				FAF8EAE11E32DD9400E1E1B7 /* MovieCell.swift */,
			);
			name = Views;
			sourceTree = "<group>";
		};
		FAF8EAE31E32DDA900E1E1B7 /* View Controllers */ = {
			isa = PBXGroup;
			children = (
				FAF8EADE1E32D3D300E1E1B7 /* MoviesViewController.swift */,
				FAF8EB071E337A5D00E1E1B7 /* DetailViewController.swift */,
			);
			name = "View Controllers";
			sourceTree = "<group>";
		};
		FC33995607482322C594359B /* Frameworks */ = {
			isa = PBXGroup;
			children = (
				6CA070A4D4ACA6B3F05CF161 /* Pods_Flicks.framework */,
			);
			name = Frameworks;
			sourceTree = "<group>";
		};
/* End PBXGroup section */

/* Begin PBXNativeTarget section */
		FAF8EAC81E32D27C00E1E1B7 /* Flicks */ = {
			isa = PBXNativeTarget;
			buildConfigurationList = FAF8EADB1E32D27C00E1E1B7 /* Build configuration list for PBXNativeTarget "Flicks" */;
			buildPhases = (
				909694A4DE1574A250919CD7 /* [CP] Check Pods Manifest.lock */,
				FAF8EAC51E32D27C00E1E1B7 /* Sources */,
				FAF8EAC61E32D27C00E1E1B7 /* Frameworks */,
				FAF8EAC71E32D27C00E1E1B7 /* Resources */,
				3B46A7A269D9B9F4F1FFA914 /* [CP] Embed Pods Frameworks */,
				9BDAE863792B08FE84EC3899 /* [CP] Copy Pods Resources */,
			);
			buildRules = (
			);
			dependencies = (
			);
			name = Flicks;
			productName = Flicks;
			productReference = FAF8EAC91E32D27C00E1E1B7 /* Flicks.app */;
			productType = "com.apple.product-type.application";
		};
/* End PBXNativeTarget section */

/* Begin PBXProject section */
		FAF8EAC11E32D27C00E1E1B7 /* Project object */ = {
			isa = PBXProject;
			attributes = {
				LastSwiftUpdateCheck = 0820;
				LastUpgradeCheck = 0820;
				ORGANIZATIONNAME = "Alex Chen";
				TargetAttributes = {
					FAF8EAC81E32D27C00E1E1B7 = {
						CreatedOnToolsVersion = 8.2.1;
						DevelopmentTeam = 6J8XEY338X;
						ProvisioningStyle = Automatic;
					};
				};
			};
			buildConfigurationList = FAF8EAC41E32D27C00E1E1B7 /* Build configuration list for PBXProject "Flicks" */;
			compatibilityVersion = "Xcode 3.2";
			developmentRegion = English;
			hasScannedForEncodings = 0;
			knownRegions = (
				en,
				Base,
			);
			mainGroup = FAF8EAC01E32D27C00E1E1B7;
			productRefGroup = FAF8EACA1E32D27C00E1E1B7 /* Products */;
			projectDirPath = "";
			projectRoot = "";
			targets = (
				FAF8EAC81E32D27C00E1E1B7 /* Flicks */,
			);
		};
/* End PBXProject section */

/* Begin PBXResourcesBuildPhase section */
		FAF8EAC71E32D27C00E1E1B7 /* Resources */ = {
			isa = PBXResourcesBuildPhase;
			buildActionMask = 2147483647;
			files = (
				FAF8EAD71E32D27C00E1E1B7 /* LaunchScreen.storyboard in Resources */,
				FAF8EAD41E32D27C00E1E1B7 /* Assets.xcassets in Resources */,
				FAF8EAD21E32D27C00E1E1B7 /* Main.storyboard in Resources */,
			);
			runOnlyForDeploymentPostprocessing = 0;
		};
/* End PBXResourcesBuildPhase section */

/* Begin PBXShellScriptBuildPhase section */
		3B46A7A269D9B9F4F1FFA914 /* [CP] Embed Pods Frameworks */ = {
			isa = PBXShellScriptBuildPhase;
			buildActionMask = 2147483647;
			files = (
			);
			inputPaths = (
			);
			name = "[CP] Embed Pods Frameworks";
			outputPaths = (
			);
			runOnlyForDeploymentPostprocessing = 0;
			shellPath = /bin/sh;
			shellScript = "\"${SRCROOT}/Pods/Target Support Files/Pods-Flicks/Pods-Flicks-frameworks.sh\"\n";
			showEnvVarsInLog = 0;
		};
		909694A4DE1574A250919CD7 /* [CP] Check Pods Manifest.lock */ = {
			isa = PBXShellScriptBuildPhase;
			buildActionMask = 2147483647;
			files = (
			);
			inputPaths = (
			);
			name = "[CP] Check Pods Manifest.lock";
			outputPaths = (
			);
			runOnlyForDeploymentPostprocessing = 0;
			shellPath = /bin/sh;
			shellScript = "diff \"${PODS_ROOT}/../Podfile.lock\" \"${PODS_ROOT}/Manifest.lock\" > /dev/null\nif [ $? != 0 ] ; then\n    # print error to STDERR\n    echo \"error: The sandbox is not in sync with the Podfile.lock. Run 'pod install' or update your CocoaPods installation.\" >&2\n    exit 1\nfi\n";
			showEnvVarsInLog = 0;
		};
		9BDAE863792B08FE84EC3899 /* [CP] Copy Pods Resources */ = {
			isa = PBXShellScriptBuildPhase;
			buildActionMask = 2147483647;
			files = (
			);
			inputPaths = (
			);
			name = "[CP] Copy Pods Resources";
			outputPaths = (
			);
			runOnlyForDeploymentPostprocessing = 0;
			shellPath = /bin/sh;
			shellScript = "\"${SRCROOT}/Pods/Target Support Files/Pods-Flicks/Pods-Flicks-resources.sh\"\n";
			showEnvVarsInLog = 0;
		};
/* End PBXShellScriptBuildPhase section */

/* Begin PBXSourcesBuildPhase section */
		FAF8EAC51E32D27C00E1E1B7 /* Sources */ = {
			isa = PBXSourcesBuildPhase;
			buildActionMask = 2147483647;
			files = (
				FAF8EACD1E32D27C00E1E1B7 /* AppDelegate.swift in Sources */,
				FAF8EADF1E32D3D300E1E1B7 /* MoviesViewController.swift in Sources */,
				FAF8EAE21E32DD9400E1E1B7 /* MovieCell.swift in Sources */,
				FAF8EB081E337A5D00E1E1B7 /* DetailViewController.swift in Sources */,
			);
			runOnlyForDeploymentPostprocessing = 0;
		};
/* End PBXSourcesBuildPhase section */

/* Begin PBXVariantGroup section */
		FAF8EAD01E32D27C00E1E1B7 /* Main.storyboard */ = {
			isa = PBXVariantGroup;
			children = (
				FAF8EAD11E32D27C00E1E1B7 /* Base */,
			);
			name = Main.storyboard;
			sourceTree = "<group>";
		};
		FAF8EAD51E32D27C00E1E1B7 /* LaunchScreen.storyboard */ = {
			isa = PBXVariantGroup;
			children = (
				FAF8EAD61E32D27C00E1E1B7 /* Base */,
			);
			name = LaunchScreen.storyboard;
			sourceTree = "<group>";
		};
/* End PBXVariantGroup section */

/* Begin XCBuildConfiguration section */
		FAF8EAD91E32D27C00E1E1B7 /* Debug */ = {
			isa = XCBuildConfiguration;
			buildSettings = {
				ALWAYS_SEARCH_USER_PATHS = NO;
				CLANG_ANALYZER_NONNULL = YES;
				CLANG_CXX_LANGUAGE_STANDARD = "gnu++0x";
				CLANG_CXX_LIBRARY = "libc++";
				CLANG_ENABLE_MODULES = YES;
				CLANG_ENABLE_OBJC_ARC = YES;
				CLANG_WARN_BOOL_CONVERSION = YES;
				CLANG_WARN_CONSTANT_CONVERSION = YES;
				CLANG_WARN_DIRECT_OBJC_ISA_USAGE = YES_ERROR;
				CLANG_WARN_DOCUMENTATION_COMMENTS = YES;
				CLANG_WARN_EMPTY_BODY = YES;
				CLANG_WARN_ENUM_CONVERSION = YES;
				CLANG_WARN_INFINITE_RECURSION = YES;
				CLANG_WARN_INT_CONVERSION = YES;
				CLANG_WARN_OBJC_ROOT_CLASS = YES_ERROR;
				CLANG_WARN_SUSPICIOUS_MOVE = YES;
				CLANG_WARN_UNREACHABLE_CODE = YES;
				CLANG_WARN__DUPLICATE_METHOD_MATCH = YES;
				"CODE_SIGN_IDENTITY[sdk=iphoneos*]" = "iPhone Developer";
				COPY_PHASE_STRIP = NO;
				DEBUG_INFORMATION_FORMAT = dwarf;
				ENABLE_STRICT_OBJC_MSGSEND = YES;
				ENABLE_TESTABILITY = YES;
				GCC_C_LANGUAGE_STANDARD = gnu99;
				GCC_DYNAMIC_NO_PIC = NO;
				GCC_NO_COMMON_BLOCKS = YES;
				GCC_OPTIMIZATION_LEVEL = 0;
				GCC_PREPROCESSOR_DEFINITIONS = (
					"DEBUG=1",
					"$(inherited)",
				);
				GCC_WARN_64_TO_32_BIT_CONVERSION = YES;
				GCC_WARN_ABOUT_RETURN_TYPE = YES_ERROR;
				GCC_WARN_UNDECLARED_SELECTOR = YES;
				GCC_WARN_UNINITIALIZED_AUTOS = YES_AGGRESSIVE;
				GCC_WARN_UNUSED_FUNCTION = YES;
				GCC_WARN_UNUSED_VARIABLE = YES;
				IPHONEOS_DEPLOYMENT_TARGET = 10.2;
				MTL_ENABLE_DEBUG_INFO = YES;
				ONLY_ACTIVE_ARCH = YES;
				SDKROOT = iphoneos;
				SWIFT_ACTIVE_COMPILATION_CONDITIONS = DEBUG;
				SWIFT_OPTIMIZATION_LEVEL = "-Onone";
			};
			name = Debug;
		};
		FAF8EADA1E32D27C00E1E1B7 /* Release */ = {
			isa = XCBuildConfiguration;
			buildSettings = {
				ALWAYS_SEARCH_USER_PATHS = NO;
				CLANG_ANALYZER_NONNULL = YES;
				CLANG_CXX_LANGUAGE_STANDARD = "gnu++0x";
				CLANG_CXX_LIBRARY = "libc++";
				CLANG_ENABLE_MODULES = YES;
				CLANG_ENABLE_OBJC_ARC = YES;
				CLANG_WARN_BOOL_CONVERSION = YES;
				CLANG_WARN_CONSTANT_CONVERSION = YES;
				CLANG_WARN_DIRECT_OBJC_ISA_USAGE = YES_ERROR;
				CLANG_WARN_DOCUMENTATION_COMMENTS = YES;
				CLANG_WARN_EMPTY_BODY = YES;
				CLANG_WARN_ENUM_CONVERSION = YES;
				CLANG_WARN_INFINITE_RECURSION = YES;
				CLANG_WARN_INT_CONVERSION = YES;
				CLANG_WARN_OBJC_ROOT_CLASS = YES_ERROR;
				CLANG_WARN_SUSPICIOUS_MOVE = YES;
				CLANG_WARN_UNREACHABLE_CODE = YES;
				CLANG_WARN__DUPLICATE_METHOD_MATCH = YES;
				"CODE_SIGN_IDENTITY[sdk=iphoneos*]" = "iPhone Developer";
				COPY_PHASE_STRIP = NO;
				DEBUG_INFORMATION_FORMAT = "dwarf-with-dsym";
				ENABLE_NS_ASSERTIONS = NO;
				ENABLE_STRICT_OBJC_MSGSEND = YES;
				GCC_C_LANGUAGE_STANDARD = gnu99;
				GCC_NO_COMMON_BLOCKS = YES;
				GCC_WARN_64_TO_32_BIT_CONVERSION = YES;
				GCC_WARN_ABOUT_RETURN_TYPE = YES_ERROR;
				GCC_WARN_UNDECLARED_SELECTOR = YES;
				GCC_WARN_UNINITIALIZED_AUTOS = YES_AGGRESSIVE;
				GCC_WARN_UNUSED_FUNCTION = YES;
				GCC_WARN_UNUSED_VARIABLE = YES;
				IPHONEOS_DEPLOYMENT_TARGET = 10.2;
				MTL_ENABLE_DEBUG_INFO = NO;
				SDKROOT = iphoneos;
				SWIFT_OPTIMIZATION_LEVEL = "-Owholemodule";
				VALIDATE_PRODUCT = YES;
			};
			name = Release;
		};
		FAF8EADC1E32D27C00E1E1B7 /* Debug */ = {
			isa = XCBuildConfiguration;
			baseConfigurationReference = 5AC4DDFBBA460FFDBFF0CA82 /* Pods-Flicks.debug.xcconfig */;
			buildSettings = {
				ASSETCATALOG_COMPILER_APPICON_NAME = AppIcon;
				DEVELOPMENT_TEAM = 6J8XEY338X;
				INFOPLIST_FILE = Flicks/Info.plist;
				LD_RUNPATH_SEARCH_PATHS = "$(inherited) @executable_path/Frameworks";
				PRODUCT_BUNDLE_IDENTIFIER = codepath.Flicks;
				PRODUCT_NAME = "$(TARGET_NAME)";
				SWIFT_VERSION = 3.0;
			};
			name = Debug;
		};
		FAF8EADD1E32D27C00E1E1B7 /* Release */ = {
			isa = XCBuildConfiguration;
			baseConfigurationReference = EAFEE80545F7A25129488754 /* Pods-Flicks.release.xcconfig */;
			buildSettings = {
				ASSETCATALOG_COMPILER_APPICON_NAME = AppIcon;
				DEVELOPMENT_TEAM = 6J8XEY338X;
				INFOPLIST_FILE = Flicks/Info.plist;
				LD_RUNPATH_SEARCH_PATHS = "$(inherited) @executable_path/Frameworks";
				PRODUCT_BUNDLE_IDENTIFIER = codepath.Flicks;
				PRODUCT_NAME = "$(TARGET_NAME)";
				SWIFT_VERSION = 3.0;
			};
			name = Release;
		};
/* End XCBuildConfiguration section */

/* Begin XCConfigurationList section */
		FAF8EAC41E32D27C00E1E1B7 /* Build configuration list for PBXProject "Flicks" */ = {
			isa = XCConfigurationList;
			buildConfigurations = (
				FAF8EAD91E32D27C00E1E1B7 /* Debug */,
				FAF8EADA1E32D27C00E1E1B7 /* Release */,
			);
			defaultConfigurationIsVisible = 0;
			defaultConfigurationName = Release;
		};
		FAF8EADB1E32D27C00E1E1B7 /* Build configuration list for PBXNativeTarget "Flicks" */ = {
			isa = XCConfigurationList;
			buildConfigurations = (
				FAF8EADC1E32D27C00E1E1B7 /* Debug */,
				FAF8EADD1E32D27C00E1E1B7 /* Release */,
			);
			defaultConfigurationIsVisible = 0;
			defaultConfigurationName = Release;
		};
/* End XCConfigurationList section */
	};
	rootObject = FAF8EAC11E32D27C00E1E1B7 /* Project object */;
}
